
Microsoft Visual Studio Solution File, Format Version 12.00
# Visual Studio Version 17
VisualStudioVersion = 17.5.002.0
MinimumVisualStudioVersion = 10.0.40219.1
Project("{9A19103F-16F7-4668-BE54-9A1E7A4F7556}") = "final", "final\final.csproj", "{61EE4371-CD2F-4405-A100-17C301A127D2}"
EndProject
Global
	GlobalSection(SolutionConfigurationPlatforms) = preSolution
		Debug|Any CPU = Debug|Any CPU
		Release|Any CPU = Release|Any CPU
	EndGlobalSection
	GlobalSection(ProjectConfigurationPlatforms) = postSolution
		{61EE4371-CD2F-4405-A100-17C301A127D2}.Debug|Any CPU.ActiveCfg = Debug|Any CPU
		{61EE4371-CD2F-4405-A100-17C301A127D2}.Debug|Any CPU.Build.0 = Debug|Any CPU
		{61EE4371-CD2F-4405-A100-17C301A127D2}.Release|Any CPU.ActiveCfg = Release|Any CPU
		{61EE4371-CD2F-4405-A100-17C301A127D2}.Release|Any CPU.Build.0 = Release|Any CPU
	EndGlobalSection
	GlobalSection(SolutionProperties) = preSolution
		HideSolutionNode = FALSE
	EndGlobalSection
	GlobalSection(ExtensibilityGlobals) = postSolution
		SolutionGuid = {88DBE2EB-52A8-4DBE-BA72-5A4240F8A115}
	EndGlobalSection
EndGlobal
